
Microsoft Visual Studio Solution File, Format Version 12.00
# Visual Studio Version 17
VisualStudioVersion = 17.5.001.0
MinimumVisualStudioVersion = 10.0.40219.1
Project("{9A19103F-16F7-4668-BE54-9A1E7A4F7556}") = "Example001_HelloConsole", "Example001_HelloConsole.csproj", "{31C7441D-E286-4481-A5F7-85FE7BBC965B}"
EndProject
Global
	GlobalSection(SolutionConfigurationPlatforms) = preSolution
		Debug|Any CPU = Debug|Any CPU
		Release|Any CPU = Release|Any CPU
	EndGlobalSection
	GlobalSection(ProjectConfigurationPlatforms) = postSolution
		{31C7441D-E286-4481-A5F7-85FE7BBC965B}.Debug|Any CPU.ActiveCfg = Debug|Any CPU
		{31C7441D-E286-4481-A5F7-85FE7BBC965B}.Debug|Any CPU.Build.0 = Debug|Any CPU
		{31C7441D-E286-4481-A5F7-85FE7BBC965B}.Release|Any CPU.ActiveCfg = Release|Any CPU
		{31C7441D-E286-4481-A5F7-85FE7BBC965B}.Release|Any CPU.Build.0 = Release|Any CPU
	EndGlobalSection
	GlobalSection(SolutionProperties) = preSolution
		HideSolutionNode = FALSE
	EndGlobalSection
	GlobalSection(ExtensibilityGlobals) = postSolution
		SolutionGuid = {95882C79-FA5C-440A-A243-0C4132B6DD61}
	EndGlobalSection
EndGlobal
